
Microsoft Visual Studio Solution File, Format Version 12.00
Project("{FAE04EC0-301F-11D3-BF4B-00C04F79EFBC}") = "Saunter-MQTTnet-AspNet5-AttributeRouting-ExampleProject", "Saunter-MQTTnet-AspNet5-AttributeRouting-ExampleProject\Saunter-MQTTnet-AspNet5-AttributeRouting-ExampleProject.csproj", "{F81DF5FD-6049-4FC5-AE0F-89793B81572F}"
EndProject
Project("{FAE04EC0-301F-11D3-BF4B-00C04F79EFBC}") = "Saunter", "Saunter\src\Saunter\Saunter.csproj", "{53C39999-5B38-4E47-84BA-9931DC2C2D6C}"
EndProject
Global
	GlobalSection(SolutionConfigurationPlatforms) = preSolution
		Debug|Any CPU = Debug|Any CPU
		Release|Any CPU = Release|Any CPU
	EndGlobalSection
	GlobalSection(ProjectConfigurationPlatforms) = postSolution
		{F81DF5FD-6049-4FC5-AE0F-89793B81572F}.Debug|Any CPU.ActiveCfg = Debug|Any CPU
		{F81DF5FD-6049-4FC5-AE0F-89793B81572F}.Debug|Any CPU.Build.0 = Debug|Any CPU
		{F81DF5FD-6049-4FC5-AE0F-89793B81572F}.Release|Any CPU.ActiveCfg = Release|Any CPU
		{F81DF5FD-6049-4FC5-AE0F-89793B81572F}.Release|Any CPU.Build.0 = Release|Any CPU
		{53C39999-5B38-4E47-84BA-9931DC2C2D6C}.Debug|Any CPU.ActiveCfg = Debug|Any CPU
		{53C39999-5B38-4E47-84BA-9931DC2C2D6C}.Debug|Any CPU.Build.0 = Debug|Any CPU
		{53C39999-5B38-4E47-84BA-9931DC2C2D6C}.Release|Any CPU.ActiveCfg = Release|Any CPU
		{53C39999-5B38-4E47-84BA-9931DC2C2D6C}.Release|Any CPU.Build.0 = Release|Any CPU
	EndGlobalSection
EndGlobal
